
Microsoft Visual Studio Solution File, Format Version 12.00
# Visual Studio Version 16
VisualStudioVersion = 16.0.31829.152
MinimumVisualStudioVersion = 10.0.40219.1
Project("{FAE04EC0-301F-11D3-BF4B-00C04F79EFBC}") = "WpfApp16.2", "WpfApp16.2\WpfApp16.2.csproj", "{BD2AED9A-388F-4863-A195-25BDE8526C9F}"
EndProject
Project("{FAE04EC0-301F-11D3-BF4B-00C04F79EFBC}") = "WpfApp16.11", "WpfApp16.11\WpfApp16.11.csproj", "{C5177EEC-33D0-48C9-B3B4-93D06BDA846E}"
EndProject
Global
	GlobalSection(SolutionConfigurationPlatforms) = preSolution
		Debug|Any CPU = Debug|Any CPU
		Release|Any CPU = Release|Any CPU
	EndGlobalSection
	GlobalSection(ProjectConfigurationPlatforms) = postSolution
		{BD2AED9A-388F-4863-A195-25BDE8526C9F}.Debug|Any CPU.ActiveCfg = Debug|Any CPU
		{BD2AED9A-388F-4863-A195-25BDE8526C9F}.Debug|Any CPU.Build.0 = Debug|Any CPU
		{BD2AED9A-388F-4863-A195-25BDE8526C9F}.Release|Any CPU.ActiveCfg = Release|Any CPU
		{BD2AED9A-388F-4863-A195-25BDE8526C9F}.Release|Any CPU.Build.0 = Release|Any CPU
		{C5177EEC-33D0-48C9-B3B4-93D06BDA846E}.Debug|Any CPU.ActiveCfg = Debug|Any CPU
		{C5177EEC-33D0-48C9-B3B4-93D06BDA846E}.Debug|Any CPU.Build.0 = Debug|Any CPU
		{C5177EEC-33D0-48C9-B3B4-93D06BDA846E}.Release|Any CPU.ActiveCfg = Release|Any CPU
		{C5177EEC-33D0-48C9-B3B4-93D06BDA846E}.Release|Any CPU.Build.0 = Release|Any CPU
	EndGlobalSection
	GlobalSection(SolutionProperties) = preSolution
		HideSolutionNode = FALSE
	EndGlobalSection
	GlobalSection(ExtensibilityGlobals) = postSolution
		SolutionGuid = {A58A8C50-3771-4A1E-A588-269073425752}
	EndGlobalSection
EndGlobal
